// !$*UTF8*$!
{
	archiveVersion = 1;
	classes = {
	};
	objectVersion = 50;
	objects = {

/* Begin PBXBuildFile section */
		6EAE193F238B1B4D00C5FB94 /* main.cpp in Sources */ = {isa = PBXBuildFile; fileRef = 6EAE193E238B1B4D00C5FB94 /* main.cpp */; };
		6EAE1947238B1C2700C5FB94 /* Aereopuerto.cpp in Sources */ = {isa = PBXBuildFile; fileRef = 6EAE1946238B1C2700C5FB94 /* Aereopuerto.cpp */; };
		6EAE194A238B1D6E00C5FB94 /* Aereolinea.cpp in Sources */ = {isa = PBXBuildFile; fileRef = 6EAE1949238B1D6E00C5FB94 /* Aereolinea.cpp */; };
		6EAE194D238B1E1000C5FB94 /* Vuelo.cpp in Sources */ = {isa = PBXBuildFile; fileRef = 6EAE194C238B1E1000C5FB94 /* Vuelo.cpp */; };
		6EAE1950238B1F5800C5FB94 /* Pasajero.cpp in Sources */ = {isa = PBXBuildFile; fileRef = 6EAE194F238B1F5800C5FB94 /* Pasajero.cpp */; };
/* End PBXBuildFile section */

/* Begin PBXCopyFilesBuildPhase section */
		6EAE1939238B1B4D00C5FB94 /* CopyFiles */ = {
			isa = PBXCopyFilesBuildPhase;
			buildActionMask = 2147483647;
			dstPath = /usr/share/man/man1/;
			dstSubfolderSpec = 0;
			files = (
			);
			runOnlyForDeploymentPostprocessing = 1;
		};
/* End PBXCopyFilesBuildPhase section */

/* Begin PBXFileReference section */
		6EAE193B238B1B4D00C5FB94 /* Aereopuerto */ = {isa = PBXFileReference; explicitFileType = "compiled.mach-o.executable"; includeInIndex = 0; path = Aereopuerto; sourceTree = BUILT_PRODUCTS_DIR; };
		6EAE193E238B1B4D00C5FB94 /* main.cpp */ = {isa = PBXFileReference; lastKnownFileType = sourcecode.cpp.cpp; path = main.cpp; sourceTree = "<group>"; };
		6EAE1945238B1BC900C5FB94 /* Aereopuerto.h */ = {isa = PBXFileReference; lastKnownFileType = sourcecode.c.h; path = Aereopuerto.h; sourceTree = "<group>"; };
		6EAE1946238B1C2700C5FB94 /* Aereopuerto.cpp */ = {isa = PBXFileReference; lastKnownFileType = sourcecode.cpp.cpp; path = Aereopuerto.cpp; sourceTree = "<group>"; };
		6EAE1948238B1C7500C5FB94 /* Aereolinea.h */ = {isa = PBXFileReference; lastKnownFileType = sourcecode.c.h; path = Aereolinea.h; sourceTree = "<group>"; };
		6EAE1949238B1D6E00C5FB94 /* Aereolinea.cpp */ = {isa = PBXFileReference; lastKnownFileType = sourcecode.cpp.cpp; path = Aereolinea.cpp; sourceTree = "<group>"; };
		6EAE194B238B1DC400C5FB94 /* Vuelo.h */ = {isa = PBXFileReference; lastKnownFileType = sourcecode.c.h; path = Vuelo.h; sourceTree = "<group>"; };
		6EAE194C238B1E1000C5FB94 /* Vuelo.cpp */ = {isa = PBXFileReference; lastKnownFileType = sourcecode.cpp.cpp; path = Vuelo.cpp; sourceTree = "<group>"; };
		6EAE194E238B1E9600C5FB94 /* Pasajero.h */ = {isa = PBXFileReference; lastKnownFileType = sourcecode.c.h; path = Pasajero.h; sourceTree = "<group>"; };
		6EAE194F238B1F5800C5FB94 /* Pasajero.cpp */ = {isa = PBXFileReference; lastKnownFileType = sourcecode.cpp.cpp; path = Pasajero.cpp; sourceTree = "<group>"; };
/* End PBXFileReference section */

/* Begin PBXFrameworksBuildPhase section */
		6EAE1938238B1B4D00C5FB94 /* Frameworks */ = {
			isa = PBXFrameworksBuildPhase;
			buildActionMask = 2147483647;
			files = (
			);
			runOnlyForDeploymentPostprocessing = 0;
		};
/* End PBXFrameworksBuildPhase section */

/* Begin PBXGroup section */
		6EAE1932238B1B4D00C5FB94 = {
			isa = PBXGroup;
			children = (
				6EAE193D238B1B4D00C5FB94 /* Aereopuerto */,
				6EAE193C238B1B4D00C5FB94 /* Products */,
			);
			sourceTree = "<group>";
		};
		6EAE193C238B1B4D00C5FB94 /* Products */ = {
			isa = PBXGroup;
			children = (
				6EAE193B238B1B4D00C5FB94 /* Aereopuerto */,
			);
			name = Products;
			sourceTree = "<group>";
		};
		6EAE193D238B1B4D00C5FB94 /* Aereopuerto */ = {
			isa = PBXGroup;
			children = (
				6EAE193E238B1B4D00C5FB94 /* main.cpp */,
				6EAE1945238B1BC900C5FB94 /* Aereopuerto.h */,
				6EAE1946238B1C2700C5FB94 /* Aereopuerto.cpp */,
				6EAE1948238B1C7500C5FB94 /* Aereolinea.h */,
				6EAE1949238B1D6E00C5FB94 /* Aereolinea.cpp */,
				6EAE194B238B1DC400C5FB94 /* Vuelo.h */,
				6EAE194C238B1E1000C5FB94 /* Vuelo.cpp */,
				6EAE194E238B1E9600C5FB94 /* Pasajero.h */,
				6EAE194F238B1F5800C5FB94 /* Pasajero.cpp */,
			);
			path = Aereopuerto;
			sourceTree = "<group>";
		};
/* End PBXGroup section */

/* Begin PBXNativeTarget section */
		6EAE193A238B1B4D00C5FB94 /* Aereopuerto */ = {
			isa = PBXNativeTarget;
			buildConfigurationList = 6EAE1942238B1B4D00C5FB94 /* Build configuration list for PBXNativeTarget "Aereopuerto" */;
			buildPhases = (
				6EAE1937238B1B4D00C5FB94 /* Sources */,
				6EAE1938238B1B4D00C5FB94 /* Frameworks */,
				6EAE1939238B1B4D00C5FB94 /* CopyFiles */,
			);
			buildRules = (
			);
			dependencies = (
			);
			name = Aereopuerto;
			productName = Aereopuerto;
			productReference = 6EAE193B238B1B4D00C5FB94 /* Aereopuerto */;
			productType = "com.apple.product-type.tool";
		};
/* End PBXNativeTarget section */

/* Begin PBXProject section */
		6EAE1933238B1B4D00C5FB94 /* Project object */ = {
			isa = PBXProject;
			attributes = {
				LastUpgradeCheck = 1120;
				ORGANIZATIONNAME = "Pablo Yamamoto Magaña";
				TargetAttributes = {
					6EAE193A238B1B4D00C5FB94 = {
						CreatedOnToolsVersion = 11.2;
					};
				};
			};
			buildConfigurationList = 6EAE1936238B1B4D00C5FB94 /* Build configuration list for PBXProject "Aereopuerto" */;
			compatibilityVersion = "Xcode 9.3";
			developmentRegion = en;
			hasScannedForEncodings = 0;
			knownRegions = (
				en,
				Base,
			);
			mainGroup = 6EAE1932238B1B4D00C5FB94;
			productRefGroup = 6EAE193C238B1B4D00C5FB94 /* Products */;
			projectDirPath = "";
			projectRoot = "";
			targets = (
				6EAE193A238B1B4D00C5FB94 /* Aereopuerto */,
			);
		};
/* End PBXProject section */

/* Begin PBXSourcesBuildPhase section */
		6EAE1937238B1B4D00C5FB94 /* Sources */ = {
			isa = PBXSourcesBuildPhase;
			buildActionMask = 2147483647;
			files = (
				6EAE1950238B1F5800C5FB94 /* Pasajero.cpp in Sources */,
				6EAE194A238B1D6E00C5FB94 /* Aereolinea.cpp in Sources */,
				6EAE194D238B1E1000C5FB94 /* Vuelo.cpp in Sources */,
				6EAE193F238B1B4D00C5FB94 /* main.cpp in Sources */,
				6EAE1947238B1C2700C5FB94 /* Aereopuerto.cpp in Sources */,
			);
			runOnlyForDeploymentPostprocessing = 0;
		};
/* End PBXSourcesBuildPhase section */

/* Begin XCBuildConfiguration section */
		6EAE1940238B1B4D00C5FB94 /* Debug */ = {
			isa = XCBuildConfiguration;
			buildSettings = {
				ALWAYS_SEARCH_USER_PATHS = NO;
				CLANG_ANALYZER_NONNULL = YES;
				CLANG_ANALYZER_NUMBER_OBJECT_CONVERSION = YES_AGGRESSIVE;
				CLANG_CXX_LANGUAGE_STANDARD = "gnu++14";
				CLANG_CXX_LIBRARY = "libc++";
				CLANG_ENABLE_MODULES = YES;
				CLANG_ENABLE_OBJC_ARC = YES;
				CLANG_ENABLE_OBJC_WEAK = YES;
				CLANG_WARN_BLOCK_CAPTURE_AUTORELEASING = YES;
				CLANG_WARN_BOOL_CONVERSION = YES;
				CLANG_WARN_COMMA = YES;
				CLANG_WARN_CONSTANT_CONVERSION = YES;
				CLANG_WARN_DEPRECATED_OBJC_IMPLEMENTATIONS = YES;
				CLANG_WARN_DIRECT_OBJC_ISA_USAGE = YES_ERROR;
				CLANG_WARN_DOCUMENTATION_COMMENTS = YES;
				CLANG_WARN_EMPTY_BODY = YES;
				CLANG_WARN_ENUM_CONVERSION = YES;
				CLANG_WARN_INFINITE_RECURSION = YES;
				CLANG_WARN_INT_CONVERSION = YES;
				CLANG_WARN_NON_LITERAL_NULL_CONVERSION = YES;
				CLANG_WARN_OBJC_IMPLICIT_RETAIN_SELF = YES;
				CLANG_WARN_OBJC_LITERAL_CONVERSION = YES;
				CLANG_WARN_OBJC_ROOT_CLASS = YES_ERROR;
				CLANG_WARN_RANGE_LOOP_ANALYSIS = YES;
				CLANG_WARN_STRICT_PROTOTYPES = YES;
				CLANG_WARN_SUSPICIOUS_MOVE = YES;
				CLANG_WARN_UNGUARDED_AVAILABILITY = YES_AGGRESSIVE;
				CLANG_WARN_UNREACHABLE_CODE = YES;
				CLANG_WARN__DUPLICATE_METHOD_MATCH = YES;
				COPY_PHASE_STRIP = NO;
				DEBUG_INFORMATION_FORMAT = dwarf;
				ENABLE_STRICT_OBJC_MSGSEND = YES;
				ENABLE_TESTABILITY = YES;
				GCC_C_LANGUAGE_STANDARD = gnu11;
				GCC_DYNAMIC_NO_PIC = NO;
				GCC_NO_COMMON_BLOCKS = YES;
				GCC_OPTIMIZATION_LEVEL = 0;
				GCC_PREPROCESSOR_DEFINITIONS = (
					"DEBUG=1",
					"$(inherited)",
				);
				GCC_WARN_64_TO_32_BIT_CONVERSION = YES;
				GCC_WARN_ABOUT_RETURN_TYPE = YES_ERROR;
				GCC_WARN_UNDECLARED_SELECTOR = YES;
				GCC_WARN_UNINITIALIZED_AUTOS = YES_AGGRESSIVE;
				GCC_WARN_UNUSED_FUNCTION = YES;
				GCC_WARN_UNUSED_VARIABLE = YES;
				MACOSX_DEPLOYMENT_TARGET = 10.15;
				MTL_ENABLE_DEBUG_INFO = INCLUDE_SOURCE;
				MTL_FAST_MATH = YES;
				ONLY_ACTIVE_ARCH = YES;
				SDKROOT = macosx;
			};
			name = Debug;
		};
		6EAE1941238B1B4D00C5FB94 /* Release */ = {
			isa = XCBuildConfiguration;
			buildSettings = {
				ALWAYS_SEARCH_USER_PATHS = NO;
				CLANG_ANALYZER_NONNULL = YES;
				CLANG_ANALYZER_NUMBER_OBJECT_CONVERSION = YES_AGGRESSIVE;
				CLANG_CXX_LANGUAGE_STANDARD = "gnu++14";
				CLANG_CXX_LIBRARY = "libc++";
				CLANG_ENABLE_MODULES = YES;
				CLANG_ENABLE_OBJC_ARC = YES;
				CLANG_ENABLE_OBJC_WEAK = YES;
				CLANG_WARN_BLOCK_CAPTURE_AUTORELEASING = YES;
				CLANG_WARN_BOOL_CONVERSION = YES;
				CLANG_WARN_COMMA = YES;
				CLANG_WARN_CONSTANT_CONVERSION = YES;
				CLANG_WARN_DEPRECATED_OBJC_IMPLEMENTATIONS = YES;
				CLANG_WARN_DIRECT_OBJC_ISA_USAGE = YES_ERROR;
				CLANG_WARN_DOCUMENTATION_COMMENTS = YES;
				CLANG_WARN_EMPTY_BODY = YES;
				CLANG_WARN_ENUM_CONVERSION = YES;
				CLANG_WARN_INFINITE_RECURSION = YES;
				CLANG_WARN_INT_CONVERSION = YES;
				CLANG_WARN_NON_LITERAL_NULL_CONVERSION = YES;
				CLANG_WARN_OBJC_IMPLICIT_RETAIN_SELF = YES;
				CLANG_WARN_OBJC_LITERAL_CONVERSION = YES;
				CLANG_WARN_OBJC_ROOT_CLASS = YES_ERROR;
				CLANG_WARN_RANGE_LOOP_ANALYSIS = YES;
				CLANG_WARN_STRICT_PROTOTYPES = YES;
				CLANG_WARN_SUSPICIOUS_MOVE = YES;
				CLANG_WARN_UNGUARDED_AVAILABILITY = YES_AGGRESSIVE;
				CLANG_WARN_UNREACHABLE_CODE = YES;
				CLANG_WARN__DUPLICATE_METHOD_MATCH = YES;
				COPY_PHASE_STRIP = NO;
				DEBUG_INFORMATION_FORMAT = "dwarf-with-dsym";
				ENABLE_NS_ASSERTIONS = NO;
				ENABLE_STRICT_OBJC_MSGSEND = YES;
				GCC_C_LANGUAGE_STANDARD = gnu11;
				GCC_NO_COMMON_BLOCKS = YES;
				GCC_WARN_64_TO_32_BIT_CONVERSION = YES;
				GCC_WARN_ABOUT_RETURN_TYPE = YES_ERROR;
				GCC_WARN_UNDECLARED_SELECTOR = YES;
				GCC_WARN_UNINITIALIZED_AUTOS = YES_AGGRESSIVE;
				GCC_WARN_UNUSED_FUNCTION = YES;
				GCC_WARN_UNUSED_VARIABLE = YES;
				MACOSX_DEPLOYMENT_TARGET = 10.15;
				MTL_ENABLE_DEBUG_INFO = NO;
				MTL_FAST_MATH = YES;
				SDKROOT = macosx;
			};
			name = Release;
		};
		6EAE1943238B1B4D00C5FB94 /* Debug */ = {
			isa = XCBuildConfiguration;
			buildSettings = {
				CLANG_CXX_LANGUAGE_STANDARD = "c++14";
				CODE_SIGN_STYLE = Automatic;
				PRODUCT_NAME = "$(TARGET_NAME)";
			};
			name = Debug;
		};
		6EAE1944238B1B4D00C5FB94 /* Release */ = {
			isa = XCBuildConfiguration;
			buildSettings = {
				CLANG_CXX_LANGUAGE_STANDARD = "c++14";
				CODE_SIGN_STYLE = Automatic;
				PRODUCT_NAME = "$(TARGET_NAME)";
			};
			name = Release;
		};
/* End XCBuildConfiguration section */

/* Begin XCConfigurationList section */
		6EAE1936238B1B4D00C5FB94 /* Build configuration list for PBXProject "Aereopuerto" */ = {
			isa = XCConfigurationList;
			buildConfigurations = (
				6EAE1940238B1B4D00C5FB94 /* Debug */,
				6EAE1941238B1B4D00C5FB94 /* Release */,
			);
			defaultConfigurationIsVisible = 0;
			defaultConfigurationName = Release;
		};
		6EAE1942238B1B4D00C5FB94 /* Build configuration list for PBXNativeTarget "Aereopuerto" */ = {
			isa = XCConfigurationList;
			buildConfigurations = (
				6EAE1943238B1B4D00C5FB94 /* Debug */,
				6EAE1944238B1B4D00C5FB94 /* Release */,
			);
			defaultConfigurationIsVisible = 0;
			defaultConfigurationName = Release;
		};
/* End XCConfigurationList section */
	};
	rootObject = 6EAE1933238B1B4D00C5FB94 /* Project object */;
}
